
Microsoft Visual Studio Solution File, Format Version 12.00
# Visual Studio 15
VisualStudioVersion = 15.0.27428.1
MinimumVisualStudioVersion = 10.0.40219.1
Project("{FAE04EC0-301F-11D3-BF4B-00C04F79EFBC}") = "EventGridSpike", "EventGridSpike\EventGridSpike.csproj", "{83AB4D83-B61F-4505-AAC2-FC66C3A59061}"
EndProject
Global
	GlobalSection(SolutionConfigurationPlatforms) = preSolution
		Debug|Any CPU = Debug|Any CPU
		Release|Any CPU = Release|Any CPU
	EndGlobalSection
	GlobalSection(ProjectConfigurationPlatforms) = postSolution
		{83AB4D83-B61F-4505-AAC2-FC66C3A59061}.Debug|Any CPU.ActiveCfg = Debug|Any CPU
		{83AB4D83-B61F-4505-AAC2-FC66C3A59061}.Debug|Any CPU.Build.0 = Debug|Any CPU
		{83AB4D83-B61F-4505-AAC2-FC66C3A59061}.Release|Any CPU.ActiveCfg = Release|Any CPU
		{83AB4D83-B61F-4505-AAC2-FC66C3A59061}.Release|Any CPU.Build.0 = Release|Any CPU
	EndGlobalSection
	GlobalSection(SolutionProperties) = preSolution
		HideSolutionNode = FALSE
	EndGlobalSection
	GlobalSection(ExtensibilityGlobals) = postSolution
		SolutionGuid = {8FDB770D-CFDD-41AE-9CD9-7E710517E77E}
	EndGlobalSection
EndGlobal
